
Microsoft Visual Studio Solution File, Format Version 12.00
# Visual Studio 15
VisualStudioVersion = 15.0.27004.2005
MinimumVisualStudioVersion = 10.0.40219.1
Project("{FAE04EC0-301F-11D3-BF4B-00C04F79EFBC}") = "MoMo", "MoMo\MoMo.csproj", "{B80CC86B-2231-4F17-9C31-763E3125517D}"
EndProject
Global
	GlobalSection(SolutionConfigurationPlatforms) = preSolution
		Debug|Any CPU = Debug|Any CPU
		Release|Any CPU = Release|Any CPU
	EndGlobalSection
	GlobalSection(ProjectConfigurationPlatforms) = postSolution
		{B80CC86B-2231-4F17-9C31-763E3125517D}.Debug|Any CPU.ActiveCfg = Debug|Any CPU
		{B80CC86B-2231-4F17-9C31-763E3125517D}.Debug|Any CPU.Build.0 = Debug|Any CPU
		{B80CC86B-2231-4F17-9C31-763E3125517D}.Release|Any CPU.ActiveCfg = Release|Any CPU
		{B80CC86B-2231-4F17-9C31-763E3125517D}.Release|Any CPU.Build.0 = Release|Any CPU
	EndGlobalSection
	GlobalSection(SolutionProperties) = preSolution
		HideSolutionNode = FALSE
	EndGlobalSection
	GlobalSection(ExtensibilityGlobals) = postSolution
		SolutionGuid = {AFB9C1C2-DC61-43DC-9BBD-23B70BAE287A}
	EndGlobalSection
EndGlobal
